{
  "name": "hospice-sveltia",
  "lockfileVersion": 3,
  "requires": true,
  "packages": {
    "": {
      "dependencies": {
        "@sveltia/cms": "^0.153.0"
      }
    },
    "node_modules/@sveltia/cms": {
      "version": "0.153.0",
      "resolved": "https://registry.npmjs.org/@sveltia/cms/-/cms-0.153.0.tgz",
      "integrity": "sha512-mN8lTZ9ZMWhyOqpKv+diUExJxUJBEg3rhSbQ6317a0amxDB4QE8wrirEFPDFPT495gKq7LCubkYntdrOk3jqAg==",
      "license": "MIT"
    }
  }
}
